{
  "name": "getwarriot",
  "version": "1.0.0",
  "lockfileVersion": 3,
  "requires": true,
  "packages": {
    "": {
      "name": "getwarriot",
      "version": "1.0.0",
      "license": "ISC",
      "dependencies": {
        "@catalystic/json-to-yaml": "^1.0.0",
        "tm-text": "^1.1.0"
      }
    },
    "node_modules/@catalystic/json-to-yaml": {
      "version": "1.0.0",
      "resolved": "https://registry.npmjs.org/@catalystic/json-to-yaml/-/json-to-yaml-1.0.0.tgz",
      "integrity": "sha512-SsaxDB/JojD+bXv/UA1z5sUCfL0t2oP9qasyzIPhYHCh1JuFkd82Ip8D/81bjeaCFDsy2GiWqaVPcJD4+rXrqw==",
      "license": "ISC"
    },
    "node_modules/tm-text": {
      "version": "1.1.0",
      "resolved": "https://registry.npmjs.org/tm-text/-/tm-text-1.1.0.tgz",
      "integrity": "sha512-kmHuPv9HL4goj4btZPv/0UXW9auXZk76c/D++yCd62J9TpRbkm5AKGeHMhmbRD9ywSR4eZTAezK1QudZL9pXlA==",
      "license": "MIT"
    }
  }
}
