{
  "name": "getwarriot",
  "version": "1.0.0",
  "lockfileVersion": 3,
  "requires": true,
  "packages": {
    "": {
      "name": "getwarriot",
      "version": "1.0.0",
      "license": "ISC",
      "dependencies": {
        "@catalystic/json-to-yaml": "^1.0.0",
        "tm-essentials": "^1.0.5"
      }
    },
    "node_modules/@catalystic/json-to-yaml": {
      "version": "1.0.0",
      "resolved": "https://registry.npmjs.org/@catalystic/json-to-yaml/-/json-to-yaml-1.0.0.tgz",
      "integrity": "sha512-SsaxDB/JojD+bXv/UA1z5sUCfL0t2oP9qasyzIPhYHCh1JuFkd82Ip8D/81bjeaCFDsy2GiWqaVPcJD4+rXrqw==",
      "license": "ISC"
    },
    "node_modules/tm-essentials": {
      "version": "1.0.5",
      "resolved": "https://registry.npmjs.org/tm-essentials/-/tm-essentials-1.0.5.tgz",
      "integrity": "sha512-l759+mgcL4ZdpQRkRMHDb3JtZehNVkaO6J0C+xxunhGz7h+064FopqbGBBh+y0XFSx8zO2q83lsa9X41nAp/yg==",
      "license": "MIT"
    }
  }
}
